{
  "version": 4,
  "terraform_version": "1.8.5",
  "serial": 29,
  "lineage": "57371007-398a-07c3-cbd9-dcaf15e6284e",
  "outputs": {
    "public_url": {
      "value": "https://18.207.187.55:8080/index.html",
      "type": "string"
    },
    "vpc_information": {
      "value": "Your demo_environment VPC has an ID of vpc-0f30430f043887fcd",
      "type": "string"
    }
  },
  "resources": [
    {
      "mode": "data",
      "type": "aws_ami",
      "name": "ubuntu",
      "provider": "provider[\"registry.terraform.io/hashicorp/aws\"]",
      "instances": [
        {
          "schema_version": 0,
          "attributes": {
            "architecture": "x86_64",
            "arn": "arn:aws:ec2:us-east-1::image/ami-0c819f65440d5f1d1",
            "block_device_mappings": [
              {
                "device_name": "/dev/sda1",
                "ebs": {
                  "delete_on_termination": "true",
                  "encrypted": "false",
                  "iops": "0",
                  "snapshot_id": "snap-09d658007a3b4a9a0",
                  "throughput": "0",
                  "volume_size": "8",
                  "volume_type": "gp2"
                },
                "no_device": "",
                "virtual_name": ""
              },
              {
                "device_name": "/dev/sdb",
                "ebs": {},
                "no_device": "",
                "virtual_name": "ephemeral0"
              },
              {
                "device_name": "/dev/sdc",
                "ebs": {},
                "no_device": "",
                "virtual_name": "ephemeral1"
              }
            ],
            "creation_date": "2024-06-14T22:19:42.000Z",
            "description": "Canonical, Ubuntu, 20.04 LTS, amd64 focal image build on 2024-06-14",
            "ena_support": true,
            "executable_users": null,
            "filter": [
              {
                "name": "name",
                "values": [
                  "ubuntu/images/hvm-ssd/ubuntu-focal-20.04-amd64-server-*"
                ]
              },
              {
                "name": "virtualization-type",
                "values": [
                  "hvm"
                ]
              }
            ],
            "hypervisor": "xen",
            "id": "ami-0c819f65440d5f1d1",
            "image_id": "ami-0c819f65440d5f1d1",
            "image_location": "amazon/ubuntu/images/hvm-ssd/ubuntu-focal-20.04-amd64-server-20240614",
            "image_owner_alias": "amazon",
            "image_type": "machine",
            "kernel_id": null,
            "most_recent": true,
            "name": "ubuntu/images/hvm-ssd/ubuntu-focal-20.04-amd64-server-20240614",
            "name_regex": null,
            "owner_id": "099720109477",
            "owners": [
              "099720109477"
            ],
            "platform": null,
            "platform_details": "Linux/UNIX",
            "product_codes": [],
            "public": true,
            "ramdisk_id": null,
            "root_device_name": "/dev/sda1",
            "root_device_type": "ebs",
            "root_snapshot_id": "snap-09d658007a3b4a9a0",
            "sriov_net_support": "simple",
            "state": "available",
            "state_reason": {
              "code": "UNSET",
              "message": "UNSET"
            },
            "tags": {},
            "usage_operation": "RunInstances",
            "virtualization_type": "hvm"
          },
          "sensitive_attributes": []
        }
      ]
    },
    {
      "mode": "data",
      "type": "aws_availability_zones",
      "name": "available",
      "provider": "provider[\"registry.terraform.io/hashicorp/aws\"]",
      "instances": [
        {
          "schema_version": 0,
          "attributes": {
            "all_availability_zones": null,
            "exclude_names": null,
            "exclude_zone_ids": null,
            "filter": null,
            "group_names": [
              "us-east-1"
            ],
            "id": "us-east-1",
            "names": [
              "us-east-1a",
              "us-east-1b",
              "us-east-1c",
              "us-east-1d",
              "us-east-1e",
              "us-east-1f"
            ],
            "state": null,
            "zone_ids": [
              "use1-az1",
              "use1-az2",
              "use1-az4",
              "use1-az6",
              "use1-az3",
              "use1-az5"
            ]
          },
          "sensitive_attributes": []
        }
      ]
    },
    {
      "mode": "data",
      "type": "aws_region",
      "name": "current",
      "provider": "provider[\"registry.terraform.io/hashicorp/aws\"]",
      "instances": [
        {
          "schema_version": 0,
          "attributes": {
            "description": "US East (N. Virginia)",
            "endpoint": "ec2.us-east-1.amazonaws.com",
            "id": "us-east-1",
            "name": "us-east-1"
          },
          "sensitive_attributes": []
        }
      ]
    },
    {
      "mode": "managed",
      "type": "aws_instance",
      "name": "ubuntu_server",
      "provider": "provider[\"registry.terraform.io/hashicorp/aws\"]",
      "instances": [
        {
          "schema_version": 1,
          "attributes": {
            "ami": "ami-0c819f65440d5f1d1",
            "arn": "arn:aws:ec2:us-east-1:339712770453:instance/i-0a54c6e355e11c3f3",
            "associate_public_ip_address": true,
            "availability_zone": "us-east-1b",
            "capacity_reservation_specification": [
              {
                "capacity_reservation_preference": "open",
                "capacity_reservation_target": []
              }
            ],
            "cpu_core_count": 1,
            "cpu_threads_per_core": 1,
            "credit_specification": [
              {
                "cpu_credits": "standard"
              }
            ],
            "disable_api_termination": false,
            "ebs_block_device": [],
            "ebs_optimized": false,
            "enclave_options": [
              {
                "enabled": false
              }
            ],
            "ephemeral_block_device": [],
            "get_password_data": false,
            "hibernation": false,
            "host_id": null,
            "iam_instance_profile": "",
            "id": "i-0a54c6e355e11c3f3",
            "instance_initiated_shutdown_behavior": "stop",
            "instance_state": "running",
            "instance_type": "t2.micro",
            "ipv6_address_count": 0,
            "ipv6_addresses": [],
            "key_name": "MyAWSKey",
            "launch_template": [],
            "metadata_options": [
              {
                "http_endpoint": "enabled",
                "http_put_response_hop_limit": 1,
                "http_tokens": "optional",
                "instance_metadata_tags": "disabled"
              }
            ],
            "monitoring": false,
            "network_interface": [],
            "outpost_arn": "",
            "password_data": "",
            "placement_group": "",
            "placement_partition_number": null,
            "primary_network_interface_id": "eni-024ae92be05383cd3",
            "private_dns": "ip-10-0-101-213.ec2.internal",
            "private_ip": "10.0.101.213",
            "public_dns": "",
            "public_ip": "18.207.187.55",
            "root_block_device": [
              {
                "delete_on_termination": true,
                "device_name": "/dev/sda1",
                "encrypted": false,
                "iops": 100,
                "kms_key_id": "",
                "tags": {},
                "throughput": 0,
                "volume_id": "vol-08808caa811a5f5cb",
                "volume_size": 8,
                "volume_type": "gp2"
              }
            ],
            "secondary_private_ips": [],
            "security_groups": [],
            "source_dest_check": true,
            "subnet_id": "subnet-04ce60e0843edc102",
            "tags": {
              "App": "api_server",
              "Name": "ec2-dev-api-us-east-1a",
              "Owner": "api_mgmt_dev"
            },
            "tags_all": {
              "App": "api_server",
              "Name": "ec2-dev-api-us-east-1a",
              "Owner": "api_mgmt_dev"
            },
            "tenancy": "default",
            "timeouts": null,
            "user_data": null,
            "user_data_base64": null,
            "volume_tags": null,
            "vpc_security_group_ids": [
              "sg-04d4b5fd806e8b158",
              "sg-052074fc68e745f4d",
              "sg-0fe4210afb34635cc"
            ]
          },
          "sensitive_attributes": [],
          "private": "eyJlMmJmYjczMC1lY2FhLTExZTYtOGY4OC0zNDM2M2JjN2M0YzAiOnsiY3JlYXRlIjo2MDAwMDAwMDAwMDAsImRlbGV0ZSI6MTIwMDAwMDAwMDAwMCwidXBkYXRlIjo2MDAwMDAwMDAwMDB9LCJzY2hlbWFfdmVyc2lvbiI6IjEifQ==",
          "dependencies": [
            "aws_key_pair.generated",
            "aws_security_group.ingress-ssh",
            "aws_security_group.vpc-ping",
            "aws_security_group.vpc-web",
            "aws_subnet.public_subnets",
            "aws_vpc.vpc",
            "data.aws_ami.ubuntu",
            "data.aws_availability_zones.available",
            "data.aws_region.current",
            "local_file.private_key_pem",
            "tls_private_key.generated"
          ]
        }
      ]
    },
    {
      "mode": "managed",
      "type": "aws_internet_gateway",
      "name": "internet_gateway",
      "provider": "provider[\"registry.terraform.io/hashicorp/aws\"]",
      "instances": [
        {
          "schema_version": 0,
          "attributes": {
            "arn": "arn:aws:ec2:us-east-1:339712770453:internet-gateway/igw-045e5a9faff542291",
            "id": "igw-045e5a9faff542291",
            "owner_id": "339712770453",
            "tags": {
              "Name": "demo_igw"
            },
            "tags_all": {
              "Name": "demo_igw"
            },
            "vpc_id": "vpc-0f30430f043887fcd"
          },
          "sensitive_attributes": [],
          "private": "bnVsbA==",
          "dependencies": [
            "aws_vpc.vpc",
            "data.aws_region.current"
          ]
        }
      ]
    },
    {
      "mode": "managed",
      "type": "aws_key_pair",
      "name": "generated",
      "provider": "provider[\"registry.terraform.io/hashicorp/aws\"]",
      "instances": [
        {
          "schema_version": 1,
          "attributes": {
            "arn": "arn:aws:ec2:us-east-1:339712770453:key-pair/MyAWSKey",
            "fingerprint": "65:52:5e:17:33:93:26:71:e7:bf:a8:60:41:50:b2:a1",
            "id": "MyAWSKey",
            "key_name": "MyAWSKey",
            "key_name_prefix": "",
            "key_pair_id": "key-04e81345dffeafa25",
            "public_key": "ssh-rsa AAAAB3NzaC1yc2EAAAADAQABAAABAQC87qtBnYrVgFz8HbRObXeSF9Cs4ai2v+6PuAFhy6hzkTqiU4XSenhkG93/k15d4L8Uo43Qi6hqoqSgSm8igfWlDbNT1M7VwXu1Yn/OWBxc4aQqfOBwXcBXMl0ys+CcKwEXIpxA3udXxBWbwtM7pLIgUG1tEjG7J8rQq4nbAzhHJFGLCjLHI9xSOFiPNT/SSFAeCcATCUBz07Dm/56H3zeN9PkOZ6ZLqU6WMK6ZhfbFauc33/OZpRt+wMkjd+LieOgT11UmcuFUgTS4P9FpRjxYRCax1wGgrNxpxlOMHjdnwt6ddTYfZdIZl+kpPe2YI1fciV9zBsgzh4rt9DVllhYB",
            "tags": {},
            "tags_all": {}
          },
          "sensitive_attributes": [],
          "private": "eyJzY2hlbWFfdmVyc2lvbiI6IjEifQ==",
          "dependencies": [
            "tls_private_key.generated"
          ]
        }
      ]
    },
    {
      "mode": "managed",
      "type": "aws_route_table",
      "name": "private_route_table",
      "provider": "provider[\"registry.terraform.io/hashicorp/aws\"]",
      "instances": [
        {
          "schema_version": 0,
          "attributes": {
            "arn": "arn:aws:ec2:us-east-1:339712770453:route-table/rtb-02e9adc08c170169e",
            "id": "rtb-02e9adc08c170169e",
            "owner_id": "339712770453",
            "propagating_vgws": [],
            "route": [
              {
                "carrier_gateway_id": "",
                "cidr_block": "0.0.0.0/0",
                "destination_prefix_list_id": "",
                "egress_only_gateway_id": "",
                "gateway_id": "igw-045e5a9faff542291",
                "instance_id": "",
                "ipv6_cidr_block": "",
                "local_gateway_id": "",
                "nat_gateway_id": "",
                "network_interface_id": "",
                "transit_gateway_id": "",
                "vpc_endpoint_id": "",
                "vpc_peering_connection_id": ""
              }
            ],
            "tags": {
              "Name": "demo_private_rtb",
              "Terraform": "true"
            },
            "tags_all": {
              "Name": "demo_private_rtb",
              "Terraform": "true"
            },
            "timeouts": null,
            "vpc_id": "vpc-0f30430f043887fcd"
          },
          "sensitive_attributes": [],
          "private": "eyJlMmJmYjczMC1lY2FhLTExZTYtOGY4OC0zNDM2M2JjN2M0YzAiOnsiY3JlYXRlIjozMDAwMDAwMDAwMDAsImRlbGV0ZSI6MzAwMDAwMDAwMDAwLCJ1cGRhdGUiOjEyMDAwMDAwMDAwMH19",
          "dependencies": [
            "aws_internet_gateway.internet_gateway",
            "aws_vpc.vpc",
            "data.aws_region.current"
          ]
        }
      ]
    },
    {
      "mode": "managed",
      "type": "aws_route_table",
      "name": "public_route_table",
      "provider": "provider[\"registry.terraform.io/hashicorp/aws\"]",
      "instances": [
        {
          "schema_version": 0,
          "attributes": {
            "arn": "arn:aws:ec2:us-east-1:339712770453:route-table/rtb-0ee37c99025b1c01f",
            "id": "rtb-0ee37c99025b1c01f",
            "owner_id": "339712770453",
            "propagating_vgws": [],
            "route": [
              {
                "carrier_gateway_id": "",
                "cidr_block": "0.0.0.0/0",
                "destination_prefix_list_id": "",
                "egress_only_gateway_id": "",
                "gateway_id": "igw-045e5a9faff542291",
                "instance_id": "",
                "ipv6_cidr_block": "",
                "local_gateway_id": "",
                "nat_gateway_id": "",
                "network_interface_id": "",
                "transit_gateway_id": "",
                "vpc_endpoint_id": "",
                "vpc_peering_connection_id": ""
              }
            ],
            "tags": {
              "Name": "demo_public_rtb",
              "Terraform": "true"
            },
            "tags_all": {
              "Name": "demo_public_rtb",
              "Terraform": "true"
            },
            "timeouts": null,
            "vpc_id": "vpc-0f30430f043887fcd"
          },
          "sensitive_attributes": [],
          "private": "eyJlMmJmYjczMC1lY2FhLTExZTYtOGY4OC0zNDM2M2JjN2M0YzAiOnsiY3JlYXRlIjozMDAwMDAwMDAwMDAsImRlbGV0ZSI6MzAwMDAwMDAwMDAwLCJ1cGRhdGUiOjEyMDAwMDAwMDAwMH19",
          "dependencies": [
            "aws_internet_gateway.internet_gateway",
            "aws_vpc.vpc",
            "data.aws_region.current"
          ]
        }
      ]
    },
    {
      "mode": "managed",
      "type": "aws_route_table_association",
      "name": "private",
      "provider": "provider[\"registry.terraform.io/hashicorp/aws\"]",
      "instances": [
        {
          "index_key": "private_subnet_1",
          "schema_version": 0,
          "attributes": {
            "gateway_id": "",
            "id": "rtbassoc-0e237eaef0a3b49d0",
            "route_table_id": "rtb-02e9adc08c170169e",
            "subnet_id": "subnet-07f13fb402adf46a3"
          },
          "sensitive_attributes": [],
          "private": "bnVsbA==",
          "dependencies": [
            "aws_internet_gateway.internet_gateway",
            "aws_route_table.private_route_table",
            "aws_subnet.private_subnets",
            "aws_vpc.vpc",
            "data.aws_availability_zones.available",
            "data.aws_region.current"
          ]
        },
        {
          "index_key": "private_subnet_2",
          "schema_version": 0,
          "attributes": {
            "gateway_id": "",
            "id": "rtbassoc-0eff910e654dfcd54",
            "route_table_id": "rtb-02e9adc08c170169e",
            "subnet_id": "subnet-0e237d285d3c77111"
          },
          "sensitive_attributes": [],
          "private": "bnVsbA==",
          "dependencies": [
            "aws_internet_gateway.internet_gateway",
            "aws_route_table.private_route_table",
            "aws_subnet.private_subnets",
            "aws_vpc.vpc",
            "data.aws_availability_zones.available",
            "data.aws_region.current"
          ]
        },
        {
          "index_key": "private_subnet_3",
          "schema_version": 0,
          "attributes": {
            "gateway_id": "",
            "id": "rtbassoc-0a683ce5292247b86",
            "route_table_id": "rtb-02e9adc08c170169e",
            "subnet_id": "subnet-068926ff86722ba1b"
          },
          "sensitive_attributes": [],
          "private": "bnVsbA==",
          "dependencies": [
            "aws_internet_gateway.internet_gateway",
            "aws_route_table.private_route_table",
            "aws_subnet.private_subnets",
            "aws_vpc.vpc",
            "data.aws_availability_zones.available",
            "data.aws_region.current"
          ]
        }
      ]
    },
    {
      "mode": "managed",
      "type": "aws_route_table_association",
      "name": "public",
      "provider": "provider[\"registry.terraform.io/hashicorp/aws\"]",
      "instances": [
        {
          "index_key": "public_subnet_1",
          "schema_version": 0,
          "attributes": {
            "gateway_id": "",
            "id": "rtbassoc-0e94e70dea375935c",
            "route_table_id": "rtb-0ee37c99025b1c01f",
            "subnet_id": "subnet-04ce60e0843edc102"
          },
          "sensitive_attributes": [],
          "private": "bnVsbA==",
          "dependencies": [
            "aws_internet_gateway.internet_gateway",
            "aws_route_table.public_route_table",
            "aws_subnet.public_subnets",
            "aws_vpc.vpc",
            "data.aws_availability_zones.available",
            "data.aws_region.current"
          ]
        },
        {
          "index_key": "public_subnet_2",
          "schema_version": 0,
          "attributes": {
            "gateway_id": "",
            "id": "rtbassoc-00a1360b7472c3967",
            "route_table_id": "rtb-0ee37c99025b1c01f",
            "subnet_id": "subnet-047f5746370636c97"
          },
          "sensitive_attributes": [],
          "private": "bnVsbA==",
          "dependencies": [
            "aws_internet_gateway.internet_gateway",
            "aws_route_table.public_route_table",
            "aws_subnet.public_subnets",
            "aws_vpc.vpc",
            "data.aws_availability_zones.available",
            "data.aws_region.current"
          ]
        },
        {
          "index_key": "public_subnet_3",
          "schema_version": 0,
          "attributes": {
            "gateway_id": "",
            "id": "rtbassoc-0df8b9c5119912634",
            "route_table_id": "rtb-0ee37c99025b1c01f",
            "subnet_id": "subnet-0fd795e4a3a986357"
          },
          "sensitive_attributes": [],
          "private": "bnVsbA==",
          "dependencies": [
            "aws_internet_gateway.internet_gateway",
            "aws_route_table.public_route_table",
            "aws_subnet.public_subnets",
            "aws_vpc.vpc",
            "data.aws_availability_zones.available",
            "data.aws_region.current"
          ]
        }
      ]
    },
    {
      "mode": "managed",
      "type": "aws_security_group",
      "name": "ingress-ssh",
      "provider": "provider[\"registry.terraform.io/hashicorp/aws\"]",
      "instances": [
        {
          "schema_version": 1,
          "attributes": {
            "arn": "arn:aws:ec2:us-east-1:339712770453:security-group/sg-04d4b5fd806e8b158",
            "description": "Managed by Terraform",
            "egress": [
              {
                "cidr_blocks": [
                  "0.0.0.0/0"
                ],
                "description": "",
                "from_port": 0,
                "ipv6_cidr_blocks": [],
                "prefix_list_ids": [],
                "protocol": "-1",
                "security_groups": [],
                "self": false,
                "to_port": 0
              }
            ],
            "id": "sg-04d4b5fd806e8b158",
            "ingress": [
              {
                "cidr_blocks": [
                  "0.0.0.0/0"
                ],
                "description": "",
                "from_port": 22,
                "ipv6_cidr_blocks": [],
                "prefix_list_ids": [],
                "protocol": "tcp",
                "security_groups": [],
                "self": false,
                "to_port": 22
              }
            ],
            "name": "allow-all-ssh",
            "name_prefix": "",
            "owner_id": "339712770453",
            "revoke_rules_on_delete": false,
            "tags": {},
            "tags_all": {},
            "timeouts": null,
            "vpc_id": "vpc-0f30430f043887fcd"
          },
          "sensitive_attributes": [],
          "private": "eyJlMmJmYjczMC1lY2FhLTExZTYtOGY4OC0zNDM2M2JjN2M0YzAiOnsiY3JlYXRlIjo2MDAwMDAwMDAwMDAsImRlbGV0ZSI6OTAwMDAwMDAwMDAwfSwic2NoZW1hX3ZlcnNpb24iOiIxIn0=",
          "dependencies": [
            "aws_vpc.vpc",
            "data.aws_region.current"
          ]
        }
      ]
    },
    {
      "mode": "managed",
      "type": "aws_security_group",
      "name": "vpc-ping",
      "provider": "provider[\"registry.terraform.io/hashicorp/aws\"]",
      "instances": [
        {
          "schema_version": 1,
          "attributes": {
            "arn": "arn:aws:ec2:us-east-1:339712770453:security-group/sg-0fe4210afb34635cc",
            "description": "ICMP for Ping Access",
            "egress": [
              {
                "cidr_blocks": [
                  "0.0.0.0/0"
                ],
                "description": "Allow all ip and ports outboun",
                "from_port": 0,
                "ipv6_cidr_blocks": [],
                "prefix_list_ids": [],
                "protocol": "-1",
                "security_groups": [],
                "self": false,
                "to_port": 0
              }
            ],
            "id": "sg-0fe4210afb34635cc",
            "ingress": [
              {
                "cidr_blocks": [
                  "0.0.0.0/0"
                ],
                "description": "Allow ICMP Traffic",
                "from_port": -1,
                "ipv6_cidr_blocks": [],
                "prefix_list_ids": [],
                "protocol": "icmp",
                "security_groups": [],
                "self": false,
                "to_port": -1
              }
            ],
            "name": "vpc-ping",
            "name_prefix": "",
            "owner_id": "339712770453",
            "revoke_rules_on_delete": false,
            "tags": {},
            "tags_all": {},
            "timeouts": null,
            "vpc_id": "vpc-0f30430f043887fcd"
          },
          "sensitive_attributes": [],
          "private": "eyJlMmJmYjczMC1lY2FhLTExZTYtOGY4OC0zNDM2M2JjN2M0YzAiOnsiY3JlYXRlIjo2MDAwMDAwMDAwMDAsImRlbGV0ZSI6OTAwMDAwMDAwMDAwfSwic2NoZW1hX3ZlcnNpb24iOiIxIn0=",
          "dependencies": [
            "aws_vpc.vpc",
            "data.aws_region.current"
          ]
        }
      ]
    },
    {
      "mode": "managed",
      "type": "aws_security_group",
      "name": "vpc-web",
      "provider": "provider[\"registry.terraform.io/hashicorp/aws\"]",
      "instances": [
        {
          "schema_version": 1,
          "attributes": {
            "arn": "arn:aws:ec2:us-east-1:339712770453:security-group/sg-052074fc68e745f4d",
            "description": "Web Traffic",
            "egress": [
              {
                "cidr_blocks": [
                  "0.0.0.0/0"
                ],
                "description": "Allow all ip and ports outbound",
                "from_port": 0,
                "ipv6_cidr_blocks": [],
                "prefix_list_ids": [],
                "protocol": "-1",
                "security_groups": [],
                "self": false,
                "to_port": 0
              }
            ],
            "id": "sg-052074fc68e745f4d",
            "ingress": [
              {
                "cidr_blocks": [
                  "0.0.0.0/0"
                ],
                "description": "Allow Port 443",
                "from_port": 443,
                "ipv6_cidr_blocks": [],
                "prefix_list_ids": [],
                "protocol": "tcp",
                "security_groups": [],
                "self": false,
                "to_port": 443
              },
              {
                "cidr_blocks": [
                  "0.0.0.0/0"
                ],
                "description": "Allow Port 80",
                "from_port": 80,
                "ipv6_cidr_blocks": [],
                "prefix_list_ids": [],
                "protocol": "tcp",
                "security_groups": [],
                "self": false,
                "to_port": 80
              }
            ],
            "name": "vpc-web-default",
            "name_prefix": "",
            "owner_id": "339712770453",
            "revoke_rules_on_delete": false,
            "tags": {},
            "tags_all": {},
            "timeouts": null,
            "vpc_id": "vpc-0f30430f043887fcd"
          },
          "sensitive_attributes": [],
          "private": "eyJlMmJmYjczMC1lY2FhLTExZTYtOGY4OC0zNDM2M2JjN2M0YzAiOnsiY3JlYXRlIjo2MDAwMDAwMDAwMDAsImRlbGV0ZSI6OTAwMDAwMDAwMDAwfSwic2NoZW1hX3ZlcnNpb24iOiIxIn0=",
          "dependencies": [
            "aws_vpc.vpc",
            "data.aws_region.current"
          ]
        }
      ]
    },
    {
      "mode": "managed",
      "type": "aws_subnet",
      "name": "private_subnets",
      "provider": "provider[\"registry.terraform.io/hashicorp/aws\"]",
      "instances": [
        {
          "index_key": "private_subnet_1",
          "schema_version": 1,
          "attributes": {
            "arn": "arn:aws:ec2:us-east-1:339712770453:subnet/subnet-07f13fb402adf46a3",
            "assign_ipv6_address_on_creation": false,
            "availability_zone": "us-east-1b",
            "availability_zone_id": "use1-az2",
            "cidr_block": "10.0.1.0/24",
            "customer_owned_ipv4_pool": "",
            "enable_dns64": false,
            "enable_resource_name_dns_a_record_on_launch": false,
            "enable_resource_name_dns_aaaa_record_on_launch": false,
            "id": "subnet-07f13fb402adf46a3",
            "ipv6_cidr_block": "",
            "ipv6_cidr_block_association_id": "",
            "ipv6_native": false,
            "map_customer_owned_ip_on_launch": false,
            "map_public_ip_on_launch": false,
            "outpost_arn": "",
            "owner_id": "339712770453",
            "private_dns_hostname_type_on_launch": "ip-name",
            "tags": {
              "Name": "private_subnet_1",
              "Terraform": "true"
            },
            "tags_all": {
              "Name": "private_subnet_1",
              "Terraform": "true"
            },
            "timeouts": null,
            "vpc_id": "vpc-0f30430f043887fcd"
          },
          "sensitive_attributes": [],
          "private": "eyJlMmJmYjczMC1lY2FhLTExZTYtOGY4OC0zNDM2M2JjN2M0YzAiOnsiY3JlYXRlIjo2MDAwMDAwMDAwMDAsImRlbGV0ZSI6MTIwMDAwMDAwMDAwMH0sInNjaGVtYV92ZXJzaW9uIjoiMSJ9",
          "dependencies": [
            "aws_vpc.vpc",
            "data.aws_availability_zones.available",
            "data.aws_region.current"
          ]
        },
        {
          "index_key": "private_subnet_2",
          "schema_version": 1,
          "attributes": {
            "arn": "arn:aws:ec2:us-east-1:339712770453:subnet/subnet-0e237d285d3c77111",
            "assign_ipv6_address_on_creation": false,
            "availability_zone": "us-east-1c",
            "availability_zone_id": "use1-az4",
            "cidr_block": "10.0.2.0/24",
            "customer_owned_ipv4_pool": "",
            "enable_dns64": false,
            "enable_resource_name_dns_a_record_on_launch": false,
            "enable_resource_name_dns_aaaa_record_on_launch": false,
            "id": "subnet-0e237d285d3c77111",
            "ipv6_cidr_block": "",
            "ipv6_cidr_block_association_id": "",
            "ipv6_native": false,
            "map_customer_owned_ip_on_launch": false,
            "map_public_ip_on_launch": false,
            "outpost_arn": "",
            "owner_id": "339712770453",
            "private_dns_hostname_type_on_launch": "ip-name",
            "tags": {
              "Name": "private_subnet_2",
              "Terraform": "true"
            },
            "tags_all": {
              "Name": "private_subnet_2",
              "Terraform": "true"
            },
            "timeouts": null,
            "vpc_id": "vpc-0f30430f043887fcd"
          },
          "sensitive_attributes": [],
          "private": "eyJlMmJmYjczMC1lY2FhLTExZTYtOGY4OC0zNDM2M2JjN2M0YzAiOnsiY3JlYXRlIjo2MDAwMDAwMDAwMDAsImRlbGV0ZSI6MTIwMDAwMDAwMDAwMH0sInNjaGVtYV92ZXJzaW9uIjoiMSJ9",
          "dependencies": [
            "aws_vpc.vpc",
            "data.aws_availability_zones.available",
            "data.aws_region.current"
          ]
        },
        {
          "index_key": "private_subnet_3",
          "schema_version": 1,
          "attributes": {
            "arn": "arn:aws:ec2:us-east-1:339712770453:subnet/subnet-068926ff86722ba1b",
            "assign_ipv6_address_on_creation": false,
            "availability_zone": "us-east-1d",
            "availability_zone_id": "use1-az6",
            "cidr_block": "10.0.3.0/24",
            "customer_owned_ipv4_pool": "",
            "enable_dns64": false,
            "enable_resource_name_dns_a_record_on_launch": false,
            "enable_resource_name_dns_aaaa_record_on_launch": false,
            "id": "subnet-068926ff86722ba1b",
            "ipv6_cidr_block": "",
            "ipv6_cidr_block_association_id": "",
            "ipv6_native": false,
            "map_customer_owned_ip_on_launch": false,
            "map_public_ip_on_launch": false,
            "outpost_arn": "",
            "owner_id": "339712770453",
            "private_dns_hostname_type_on_launch": "ip-name",
            "tags": {
              "Name": "private_subnet_3",
              "Terraform": "true"
            },
            "tags_all": {
              "Name": "private_subnet_3",
              "Terraform": "true"
            },
            "timeouts": null,
            "vpc_id": "vpc-0f30430f043887fcd"
          },
          "sensitive_attributes": [],
          "private": "eyJlMmJmYjczMC1lY2FhLTExZTYtOGY4OC0zNDM2M2JjN2M0YzAiOnsiY3JlYXRlIjo2MDAwMDAwMDAwMDAsImRlbGV0ZSI6MTIwMDAwMDAwMDAwMH0sInNjaGVtYV92ZXJzaW9uIjoiMSJ9",
          "dependencies": [
            "aws_vpc.vpc",
            "data.aws_availability_zones.available",
            "data.aws_region.current"
          ]
        }
      ]
    },
    {
      "mode": "managed",
      "type": "aws_subnet",
      "name": "public_subnets",
      "provider": "provider[\"registry.terraform.io/hashicorp/aws\"]",
      "instances": [
        {
          "index_key": "public_subnet_1",
          "schema_version": 1,
          "attributes": {
            "arn": "arn:aws:ec2:us-east-1:339712770453:subnet/subnet-04ce60e0843edc102",
            "assign_ipv6_address_on_creation": false,
            "availability_zone": "us-east-1b",
            "availability_zone_id": "use1-az2",
            "cidr_block": "10.0.101.0/24",
            "customer_owned_ipv4_pool": "",
            "enable_dns64": false,
            "enable_resource_name_dns_a_record_on_launch": false,
            "enable_resource_name_dns_aaaa_record_on_launch": false,
            "id": "subnet-04ce60e0843edc102",
            "ipv6_cidr_block": "",
            "ipv6_cidr_block_association_id": "",
            "ipv6_native": false,
            "map_customer_owned_ip_on_launch": false,
            "map_public_ip_on_launch": true,
            "outpost_arn": "",
            "owner_id": "339712770453",
            "private_dns_hostname_type_on_launch": "ip-name",
            "tags": {
              "Name": "public_subnet_1",
              "Terraform": "true"
            },
            "tags_all": {
              "Name": "public_subnet_1",
              "Terraform": "true"
            },
            "timeouts": null,
            "vpc_id": "vpc-0f30430f043887fcd"
          },
          "sensitive_attributes": [],
          "private": "eyJlMmJmYjczMC1lY2FhLTExZTYtOGY4OC0zNDM2M2JjN2M0YzAiOnsiY3JlYXRlIjo2MDAwMDAwMDAwMDAsImRlbGV0ZSI6MTIwMDAwMDAwMDAwMH0sInNjaGVtYV92ZXJzaW9uIjoiMSJ9",
          "dependencies": [
            "aws_vpc.vpc",
            "data.aws_availability_zones.available",
            "data.aws_region.current"
          ]
        },
        {
          "index_key": "public_subnet_2",
          "schema_version": 1,
          "attributes": {
            "arn": "arn:aws:ec2:us-east-1:339712770453:subnet/subnet-047f5746370636c97",
            "assign_ipv6_address_on_creation": false,
            "availability_zone": "us-east-1c",
            "availability_zone_id": "use1-az4",
            "cidr_block": "10.0.102.0/24",
            "customer_owned_ipv4_pool": "",
            "enable_dns64": false,
            "enable_resource_name_dns_a_record_on_launch": false,
            "enable_resource_name_dns_aaaa_record_on_launch": false,
            "id": "subnet-047f5746370636c97",
            "ipv6_cidr_block": "",
            "ipv6_cidr_block_association_id": "",
            "ipv6_native": false,
            "map_customer_owned_ip_on_launch": false,
            "map_public_ip_on_launch": true,
            "outpost_arn": "",
            "owner_id": "339712770453",
            "private_dns_hostname_type_on_launch": "ip-name",
            "tags": {
              "Name": "public_subnet_2",
              "Terraform": "true"
            },
            "tags_all": {
              "Name": "public_subnet_2",
              "Terraform": "true"
            },
            "timeouts": null,
            "vpc_id": "vpc-0f30430f043887fcd"
          },
          "sensitive_attributes": [],
          "private": "eyJlMmJmYjczMC1lY2FhLTExZTYtOGY4OC0zNDM2M2JjN2M0YzAiOnsiY3JlYXRlIjo2MDAwMDAwMDAwMDAsImRlbGV0ZSI6MTIwMDAwMDAwMDAwMH0sInNjaGVtYV92ZXJzaW9uIjoiMSJ9",
          "dependencies": [
            "aws_vpc.vpc",
            "data.aws_availability_zones.available",
            "data.aws_region.current"
          ]
        },
        {
          "index_key": "public_subnet_3",
          "schema_version": 1,
          "attributes": {
            "arn": "arn:aws:ec2:us-east-1:339712770453:subnet/subnet-0fd795e4a3a986357",
            "assign_ipv6_address_on_creation": false,
            "availability_zone": "us-east-1d",
            "availability_zone_id": "use1-az6",
            "cidr_block": "10.0.103.0/24",
            "customer_owned_ipv4_pool": "",
            "enable_dns64": false,
            "enable_resource_name_dns_a_record_on_launch": false,
            "enable_resource_name_dns_aaaa_record_on_launch": false,
            "id": "subnet-0fd795e4a3a986357",
            "ipv6_cidr_block": "",
            "ipv6_cidr_block_association_id": "",
            "ipv6_native": false,
            "map_customer_owned_ip_on_launch": false,
            "map_public_ip_on_launch": true,
            "outpost_arn": "",
            "owner_id": "339712770453",
            "private_dns_hostname_type_on_launch": "ip-name",
            "tags": {
              "Name": "public_subnet_3",
              "Terraform": "true"
            },
            "tags_all": {
              "Name": "public_subnet_3",
              "Terraform": "true"
            },
            "timeouts": null,
            "vpc_id": "vpc-0f30430f043887fcd"
          },
          "sensitive_attributes": [],
          "private": "eyJlMmJmYjczMC1lY2FhLTExZTYtOGY4OC0zNDM2M2JjN2M0YzAiOnsiY3JlYXRlIjo2MDAwMDAwMDAwMDAsImRlbGV0ZSI6MTIwMDAwMDAwMDAwMH0sInNjaGVtYV92ZXJzaW9uIjoiMSJ9",
          "dependencies": [
            "aws_vpc.vpc",
            "data.aws_availability_zones.available",
            "data.aws_region.current"
          ]
        }
      ]
    },
    {
      "mode": "managed",
      "type": "aws_subnet",
      "name": "variables-subnet",
      "provider": "provider[\"registry.terraform.io/hashicorp/aws\"]",
      "instances": [
        {
          "schema_version": 1,
          "attributes": {
            "arn": "arn:aws:ec2:us-east-1:339712770453:subnet/subnet-0625f7695f1b49dea",
            "assign_ipv6_address_on_creation": false,
            "availability_zone": "us-east-1a",
            "availability_zone_id": "use1-az1",
            "cidr_block": "10.0.202.0/24",
            "customer_owned_ipv4_pool": "",
            "enable_dns64": false,
            "enable_resource_name_dns_a_record_on_launch": false,
            "enable_resource_name_dns_aaaa_record_on_launch": false,
            "id": "subnet-0625f7695f1b49dea",
            "ipv6_cidr_block": "",
            "ipv6_cidr_block_association_id": "",
            "ipv6_native": false,
            "map_customer_owned_ip_on_launch": false,
            "map_public_ip_on_launch": true,
            "outpost_arn": "",
            "owner_id": "339712770453",
            "private_dns_hostname_type_on_launch": "ip-name",
            "tags": {
              "Name": "sub-variables-us-east-1a",
              "Terraform": "true"
            },
            "tags_all": {
              "Name": "sub-variables-us-east-1a",
              "Terraform": "true"
            },
            "timeouts": null,
            "vpc_id": "vpc-0f30430f043887fcd"
          },
          "sensitive_attributes": [],
          "private": "eyJlMmJmYjczMC1lY2FhLTExZTYtOGY4OC0zNDM2M2JjN2M0YzAiOnsiY3JlYXRlIjo2MDAwMDAwMDAwMDAsImRlbGV0ZSI6MTIwMDAwMDAwMDAwMH0sInNjaGVtYV92ZXJzaW9uIjoiMSJ9",
          "dependencies": [
            "aws_vpc.vpc",
            "data.aws_region.current"
          ]
        }
      ]
    },
    {
      "mode": "managed",
      "type": "aws_vpc",
      "name": "vpc",
      "provider": "provider[\"registry.terraform.io/hashicorp/aws\"]",
      "instances": [
        {
          "schema_version": 1,
          "attributes": {
            "arn": "arn:aws:ec2:us-east-1:339712770453:vpc/vpc-0f30430f043887fcd",
            "assign_generated_ipv6_cidr_block": false,
            "cidr_block": "10.0.0.0/16",
            "default_network_acl_id": "acl-08873b44c40e06c1f",
            "default_route_table_id": "rtb-09675216553f01f9a",
            "default_security_group_id": "sg-0b62c968c06c8e5fe",
            "dhcp_options_id": "dopt-01405c4db5e4e365b",
            "enable_classiclink": false,
            "enable_classiclink_dns_support": false,
            "enable_dns_hostnames": false,
            "enable_dns_support": true,
            "id": "vpc-0f30430f043887fcd",
            "instance_tenancy": "default",
            "ipv4_ipam_pool_id": null,
            "ipv4_netmask_length": null,
            "ipv6_association_id": "",
            "ipv6_cidr_block": "",
            "ipv6_cidr_block_network_border_group": "",
            "ipv6_ipam_pool_id": "",
            "ipv6_netmask_length": 0,
            "main_route_table_id": "rtb-09675216553f01f9a",
            "owner_id": "339712770453",
            "tags": {
              "Environment": "demo_environment",
              "Name": "demo_vpc",
              "Region": "us-east-1",
              "Terraform": "true"
            },
            "tags_all": {
              "Environment": "demo_environment",
              "Name": "demo_vpc",
              "Region": "us-east-1",
              "Terraform": "true"
            }
          },
          "sensitive_attributes": [],
          "private": "eyJzY2hlbWFfdmVyc2lvbiI6IjEifQ==",
          "dependencies": [
            "data.aws_region.current"
          ]
        }
      ]
    },
    {
      "mode": "managed",
      "type": "local_file",
      "name": "private_key_pem",
      "provider": "provider[\"registry.terraform.io/hashicorp/local\"]",
      "instances": [
        {
          "schema_version": 0,
          "attributes": {
            "content": "-----BEGIN RSA PRIVATE KEY-----\nMIIEowIBAAKCAQEAvO6rQZ2K1YBc/B20Tm13khfQrOGotr/uj7gBYcuoc5E6olOF\n0np4ZBvd/5NeXeC/FKON0IuoaqKkoEpvIoH1pQ2zU9TO1cF7tWJ/zlgcXOGkKnzg\ncF3AVzJdMrPgnCsBFyKcQN7nV8QVm8LTO6SyIFBtbRIxuyfK0KuJ2wM4RyRRiwoy\nxyPcUjhYjzU/0khQHgnAEwlAc9Ow5v+eh983jfT5DmemS6lOljCumYX2xWrnN9/z\nmaUbfsDJI3fi4njoE9dVJnLhVIE0uD/RaUY8WEQmsdcBoKzcacZTjB43Z8LenXU2\nH2XSGZfpKT3tmCNX3IlfcwbIM4eK7fQ1ZZYWAQIDAQABAoIBAHH9ehxDpkE8il2e\numvbRhpB/ihgmj9wu8nAlizgCIl5pSvNQt+D/uE/owiRbI0tjXwxVd3udTWpXbRM\nVJM4X/IuuvSoYAa+DxqYDE5+ANbVWQw9fdit5990RqDRwIHYvHat7iKBmojsiLEK\nshG5Q7OVcwAsyw6FaqvN44XdgnYA3URGCkg+1Gu22LB34KgLBtX85VqbGdQFPIDP\nG+ieIysG80Y7Pk69RPbPqR8aVAqoqIMKdzz04xYE+AtHM2uscm7rfgMgnOeHK48B\n7WGoxxhoj+mwL/c3S/+OpMwPugqzuMbG2VyPSKUpJtL5Oe0WmBEI+fYLSeOPIm6u\nxC1zVdUCgYEA25USuUFboldw+9j8c+QJ0yvlkyyjyqrd88ojZaqWTrTgCu6fMYu+\n2sbZG5roZ2IhQBqKW4pJP7WlAHVssl8F9/E3151sFUcYJzZquQLc/n2AOHaa2W6g\n4yK5S2RRtu/FYsBpMGL915DtYJDORi+MQ4OGbr9eZqqkJLQB4Ksldj8CgYEA3ERF\nco3tEudaqaMmwiesUZmynt0b97Qu+Xw3VIfjemvfZG1/QRQVmVdEDFSx2ygVDfXu\nlGff4c0BdYJuaPUI6hEDbzkalRJgK2KGq3C8j5W2d+zOBMJTHkxp99D2VOGJHkfj\nXpLUn1cvN8NamaYNwJRIifYLI+nT5LjmVBr3478CgYAEZjMu1PliAkB4OzurkrkD\nqxB5Z16Ms+modbdJ1SYXw5XtgiRcWMFlHrDA1dSsJZIm96En/lhDV39LyA56cF7t\nPb7xqey9bGQ2fOecd0s4KgmEmBO4IXhFtK9jrEna0Wjx9ork9kbBp9ypn50SWOeF\nfsAVve3FPsv1FEopVyRz/wKBgA1Rx41Mzcg120KkzgQxl/b7P1Th8/3/lFOb0lC3\nQuc1PLX69RX/W+sA3umL+ZFSFCva8klhGqWx2uO7Nmf8YUSeMMH6BwR6rvwQoiod\n0BkyqW0JEdAx3ArZ/hJxPWQWm08Mc9BVOqxD/mP12TWvV+eMT/KfwT6ztg9/qtXt\nJ45LAoGBAMDXZxsbLpZiqK2RePweagVyoBZFA9FWtduudvDTxOHRUWZAW4Npq5ar\nTZ6KNNjnhJit0qCzTxQtx1ICpLc/hqc28TUuEHDcvcCsyoekr0bXQPjbW/WZdQ8x\naoDuGyfkpEiv7rfZDi1Atq1f8Xfc5VcdFBghbWsnghzPpnACbcZC\n-----END RSA PRIVATE KEY-----\n",
            "content_base64": null,
            "content_base64sha256": "zdwYCwgUnKt105DD14dhVSlDsXDfAdpK9IqPk4HwNsE=",
            "content_base64sha512": "I0JCvACed/5uoXgtVGD5V6/gBhRguvidWROk405x7pRbLuthEX1JRbwNjDQ4THnEr9OHTVhniKJU2OAvSBzhcw==",
            "content_md5": "253b7d4b5b9e8216aa7a8c215c6f3393",
            "content_sha1": "460ac1d06f64b66bb3eee732ffc3b2af7ee8a7c7",
            "content_sha256": "cddc180b08149cab75d390c3d78761552943b170df01da4af48a8f9381f036c1",
            "content_sha512": "234242bc009e77fe6ea1782d5460f957afe0061460baf89d5913a4e34e71ee945b2eeb61117d4945bc0d8c34384c79c4afd3874d586788a254d8e02f481ce173",
            "directory_permission": "0777",
            "file_permission": "0777",
            "filename": "MyAWSKey.pem",
            "id": "460ac1d06f64b66bb3eee732ffc3b2af7ee8a7c7",
            "sensitive_content": null,
            "source": null
          },
          "sensitive_attributes": [
            [
              {
                "type": "get_attr",
                "value": "sensitive_content"
              }
            ],
            [
              {
                "type": "get_attr",
                "value": "content"
              }
            ]
          ],
          "dependencies": [
            "tls_private_key.generated"
          ]
        }
      ]
    },
    {
      "mode": "managed",
      "type": "tls_private_key",
      "name": "generated",
      "provider": "provider[\"registry.terraform.io/hashicorp/tls\"]",
      "instances": [
        {
          "schema_version": 0,
          "attributes": {
            "algorithm": "RSA",
            "ecdsa_curve": "P224",
            "id": "32cb74a0d76d5304a6c5fc8f38311552a6ed0bde",
            "private_key_pem": "-----BEGIN RSA PRIVATE KEY-----\nMIIEowIBAAKCAQEAvO6rQZ2K1YBc/B20Tm13khfQrOGotr/uj7gBYcuoc5E6olOF\n0np4ZBvd/5NeXeC/FKON0IuoaqKkoEpvIoH1pQ2zU9TO1cF7tWJ/zlgcXOGkKnzg\ncF3AVzJdMrPgnCsBFyKcQN7nV8QVm8LTO6SyIFBtbRIxuyfK0KuJ2wM4RyRRiwoy\nxyPcUjhYjzU/0khQHgnAEwlAc9Ow5v+eh983jfT5DmemS6lOljCumYX2xWrnN9/z\nmaUbfsDJI3fi4njoE9dVJnLhVIE0uD/RaUY8WEQmsdcBoKzcacZTjB43Z8LenXU2\nH2XSGZfpKT3tmCNX3IlfcwbIM4eK7fQ1ZZYWAQIDAQABAoIBAHH9ehxDpkE8il2e\numvbRhpB/ihgmj9wu8nAlizgCIl5pSvNQt+D/uE/owiRbI0tjXwxVd3udTWpXbRM\nVJM4X/IuuvSoYAa+DxqYDE5+ANbVWQw9fdit5990RqDRwIHYvHat7iKBmojsiLEK\nshG5Q7OVcwAsyw6FaqvN44XdgnYA3URGCkg+1Gu22LB34KgLBtX85VqbGdQFPIDP\nG+ieIysG80Y7Pk69RPbPqR8aVAqoqIMKdzz04xYE+AtHM2uscm7rfgMgnOeHK48B\n7WGoxxhoj+mwL/c3S/+OpMwPugqzuMbG2VyPSKUpJtL5Oe0WmBEI+fYLSeOPIm6u\nxC1zVdUCgYEA25USuUFboldw+9j8c+QJ0yvlkyyjyqrd88ojZaqWTrTgCu6fMYu+\n2sbZG5roZ2IhQBqKW4pJP7WlAHVssl8F9/E3151sFUcYJzZquQLc/n2AOHaa2W6g\n4yK5S2RRtu/FYsBpMGL915DtYJDORi+MQ4OGbr9eZqqkJLQB4Ksldj8CgYEA3ERF\nco3tEudaqaMmwiesUZmynt0b97Qu+Xw3VIfjemvfZG1/QRQVmVdEDFSx2ygVDfXu\nlGff4c0BdYJuaPUI6hEDbzkalRJgK2KGq3C8j5W2d+zOBMJTHkxp99D2VOGJHkfj\nXpLUn1cvN8NamaYNwJRIifYLI+nT5LjmVBr3478CgYAEZjMu1PliAkB4OzurkrkD\nqxB5Z16Ms+modbdJ1SYXw5XtgiRcWMFlHrDA1dSsJZIm96En/lhDV39LyA56cF7t\nPb7xqey9bGQ2fOecd0s4KgmEmBO4IXhFtK9jrEna0Wjx9ork9kbBp9ypn50SWOeF\nfsAVve3FPsv1FEopVyRz/wKBgA1Rx41Mzcg120KkzgQxl/b7P1Th8/3/lFOb0lC3\nQuc1PLX69RX/W+sA3umL+ZFSFCva8klhGqWx2uO7Nmf8YUSeMMH6BwR6rvwQoiod\n0BkyqW0JEdAx3ArZ/hJxPWQWm08Mc9BVOqxD/mP12TWvV+eMT/KfwT6ztg9/qtXt\nJ45LAoGBAMDXZxsbLpZiqK2RePweagVyoBZFA9FWtduudvDTxOHRUWZAW4Npq5ar\nTZ6KNNjnhJit0qCzTxQtx1ICpLc/hqc28TUuEHDcvcCsyoekr0bXQPjbW/WZdQ8x\naoDuGyfkpEiv7rfZDi1Atq1f8Xfc5VcdFBghbWsnghzPpnACbcZC\n-----END RSA PRIVATE KEY-----\n",
            "public_key_fingerprint_md5": "68:f4:32:91:b4:9a:e7:32:aa:a9:90:91:48:b9:6f:37",
            "public_key_openssh": "ssh-rsa AAAAB3NzaC1yc2EAAAADAQABAAABAQC87qtBnYrVgFz8HbRObXeSF9Cs4ai2v+6PuAFhy6hzkTqiU4XSenhkG93/k15d4L8Uo43Qi6hqoqSgSm8igfWlDbNT1M7VwXu1Yn/OWBxc4aQqfOBwXcBXMl0ys+CcKwEXIpxA3udXxBWbwtM7pLIgUG1tEjG7J8rQq4nbAzhHJFGLCjLHI9xSOFiPNT/SSFAeCcATCUBz07Dm/56H3zeN9PkOZ6ZLqU6WMK6ZhfbFauc33/OZpRt+wMkjd+LieOgT11UmcuFUgTS4P9FpRjxYRCax1wGgrNxpxlOMHjdnwt6ddTYfZdIZl+kpPe2YI1fciV9zBsgzh4rt9DVllhYB\n",
            "public_key_pem": "-----BEGIN PUBLIC KEY-----\nMIIBIjANBgkqhkiG9w0BAQEFAAOCAQ8AMIIBCgKCAQEAvO6rQZ2K1YBc/B20Tm13\nkhfQrOGotr/uj7gBYcuoc5E6olOF0np4ZBvd/5NeXeC/FKON0IuoaqKkoEpvIoH1\npQ2zU9TO1cF7tWJ/zlgcXOGkKnzgcF3AVzJdMrPgnCsBFyKcQN7nV8QVm8LTO6Sy\nIFBtbRIxuyfK0KuJ2wM4RyRRiwoyxyPcUjhYjzU/0khQHgnAEwlAc9Ow5v+eh983\njfT5DmemS6lOljCumYX2xWrnN9/zmaUbfsDJI3fi4njoE9dVJnLhVIE0uD/RaUY8\nWEQmsdcBoKzcacZTjB43Z8LenXU2H2XSGZfpKT3tmCNX3IlfcwbIM4eK7fQ1ZZYW\nAQIDAQAB\n-----END PUBLIC KEY-----\n",
            "rsa_bits": 2048
          },
          "sensitive_attributes": [
            [
              {
                "type": "get_attr",
                "value": "private_key_pem"
              }
            ]
          ],
          "private": "bnVsbA=="
        }
      ]
    }
  ],
  "check_results": null
}
